
Microsoft Visual Studio Solution File, Format Version 12.00
# Visual Studio Version 17
VisualStudioVersion = 17.14.36616.10 d17.14
MinimumVisualStudioVersion = 10.0.40219.1
Project("{FAE04EC0-301F-11D3-BF4B-00C04F79EFBC}") = "AuthService", "AuthService.csproj", "{E20BC2FD-4768-41AB-BF41-8E53BD6C8EA4}"
EndProject
Global
	GlobalSection(SolutionConfigurationPlatforms) = preSolution
		Debug|Any CPU = Debug|Any CPU
		Release|Any CPU = Release|Any CPU
	EndGlobalSection
	GlobalSection(ProjectConfigurationPlatforms) = postSolution
		{E20BC2FD-4768-41AB-BF41-8E53BD6C8EA4}.Debug|Any CPU.ActiveCfg = Debug|Any CPU
		{E20BC2FD-4768-41AB-BF41-8E53BD6C8EA4}.Debug|Any CPU.Build.0 = Debug|Any CPU
		{E20BC2FD-4768-41AB-BF41-8E53BD6C8EA4}.Release|Any CPU.ActiveCfg = Release|Any CPU
		{E20BC2FD-4768-41AB-BF41-8E53BD6C8EA4}.Release|Any CPU.Build.0 = Release|Any CPU
	EndGlobalSection
	GlobalSection(SolutionProperties) = preSolution
		HideSolutionNode = FALSE
	EndGlobalSection
	GlobalSection(ExtensibilityGlobals) = postSolution
		SolutionGuid = {AB6C7AF5-DF50-4E8A-9FB0-36ADEDC810B5}
	EndGlobalSection
EndGlobal
